// !$*UTF8*$!
{
	archiveVersion = 1;
	classes = {
	};
	objectVersion = 45;
	objects = {

/* Begin PBXAggregateTarget section */
		B3B7F3961279195A00506D5F /* Clean (Makefile) */ = {
			isa = PBXAggregateTarget;
			buildConfigurationList = B3B7F3A01279197900506D5F /* Build configuration list for PBXAggregateTarget "Clean (Makefile)" */;
			buildPhases = (
				B3B7F3951279195A00506D5F /* ShellScript */,
			);
			dependencies = (
			);
			name = "Clean (Makefile)";
			productName = "Clean (Makefile)";
		};
		B3CF442C12712D79002B1119 /* Shared Library (Makefile) */ = {
			isa = PBXAggregateTarget;
			buildConfigurationList = B3CF442F12712DA6002B1119 /* Build configuration list for PBXAggregateTarget "Shared Library (Makefile)" */;
			buildPhases = (
				B3CF442B12712D79002B1119 /* ShellScript */,
			);
			dependencies = (
			);
			name = "Shared Library (Makefile)";
			productName = "Run Makefile";
		};
/* End PBXAggregateTarget section */

/* Begin PBXBuildFile section */
		B3428F1F128C5CAD003503B8 /* student.c in Sources */ = {isa = PBXBuildFile; fileRef = B3428F1D128C5CAD003503B8 /* student.c */; };
		B3ABF854127A4D24005722A5 /* regress.c in Sources */ = {isa = PBXBuildFile; fileRef = B3E85D511270B78200B81A1A /* regress.c */; };
		B3ABFB281280824B005722A5 /* vecLib.framework in Frameworks */ = {isa = PBXBuildFile; fileRef = B3ABFB271280824B005722A5 /* vecLib.framework */; };
		B3ABFB3C12808275005722A5 /* pinv.c in Sources */ = {isa = PBXBuildFile; fileRef = B3ABF940127B7A06005722A5 /* pinv.c */; };
		B3ABFB3D12808278005722A5 /* matrix.c in Sources */ = {isa = PBXBuildFile; fileRef = B3ABFA28127F5A41005722A5 /* matrix.c */; };
/* End PBXBuildFile section */

/* Begin PBXFileReference section */
		B3321B0D1281D86000E8CB13 /* pinv.h */ = {isa = PBXFileReference; fileEncoding = 4; lastKnownFileType = sourcecode.c.h; path = pinv.h; sourceTree = "<group>"; };
		B3321B161281D9C700E8CB13 /* regress.h */ = {isa = PBXFileReference; fileEncoding = 4; lastKnownFileType = sourcecode.c.h; path = regress.h; sourceTree = "<group>"; };
		B3321B221281DAC000E8CB13 /* matrix.h */ = {isa = PBXFileReference; fileEncoding = 4; lastKnownFileType = sourcecode.c.h; path = matrix.h; sourceTree = "<group>"; };
		B3428F1C128C5CAD003503B8 /* student.h */ = {isa = PBXFileReference; fileEncoding = 4; lastKnownFileType = sourcecode.c.h; path = student.h; sourceTree = "<group>"; };
		B3428F1D128C5CAD003503B8 /* student.c */ = {isa = PBXFileReference; fileEncoding = 4; lastKnownFileType = sourcecode.c.c; path = student.c; sourceTree = "<group>"; };
		B38C822D12721143000CAB42 /* regression.so */ = {isa = PBXFileReference; explicitFileType = "compiled.mach-o.dylib"; includeInIndex = 0; path = regression.so; sourceTree = BUILT_PRODUCTS_DIR; };
		B3ABF940127B7A06005722A5 /* pinv.c */ = {isa = PBXFileReference; fileEncoding = 4; lastKnownFileType = sourcecode.c.c; path = pinv.c; sourceTree = "<group>"; };
		B3ABFA28127F5A41005722A5 /* matrix.c */ = {isa = PBXFileReference; fileEncoding = 4; lastKnownFileType = sourcecode.c.c; path = matrix.c; sourceTree = "<group>"; };
		B3ABFB271280824B005722A5 /* vecLib.framework */ = {isa = PBXFileReference; lastKnownFileType = wrapper.framework; name = vecLib.framework; path = /System/Library/Frameworks/vecLib.framework; sourceTree = "<absolute>"; };
		B3B7F2C81278D1F500506D5F /* README.txt */ = {isa = PBXFileReference; fileEncoding = 4; lastKnownFileType = text; name = README.txt; path = ../../doc/README.txt; sourceTree = "<group>"; };
		B3B7F374127907CC00506D5F /* PostgreSQL.xcconfig */ = {isa = PBXFileReference; fileEncoding = 4; lastKnownFileType = text.xcconfig; path = PostgreSQL.xcconfig; sourceTree = "<group>"; };
		B3B7F3AD1279CAE400506D5F /* Greenplum.xcconfig */ = {isa = PBXFileReference; fileEncoding = 4; lastKnownFileType = text.xcconfig; path = Greenplum.xcconfig; sourceTree = "<group>"; };
		B3BE7BF112E60C10009BF344 /* logRegress.py_in */ = {isa = PBXFileReference; fileEncoding = 4; indentWidth = 4; lastKnownFileType = text; path = logRegress.py_in; sourceTree = "<group>"; tabWidth = 4; usesTabs = 0; xcLanguageSpecificationIdentifier = xcode.lang.python; };
		B3E7BEF212EA471A0090E79F /* regression.sql_in */ = {isa = PBXFileReference; fileEncoding = 4; lastKnownFileType = text; path = regression.sql_in; sourceTree = "<group>"; xcLanguageSpecificationIdentifier = xcode.lang.simpleColoring; };
		B3E85D511270B78200B81A1A /* regress.c */ = {isa = PBXFileReference; fileEncoding = 4; indentWidth = 4; lastKnownFileType = sourcecode.c.c; path = regress.c; sourceTree = "<group>"; tabWidth = 4; usesTabs = 0; };
		B3E85D631270BA6A00B81A1A /* Makefile */ = {isa = PBXFileReference; fileEncoding = 4; lastKnownFileType = sourcecode.make; name = Makefile; path = ../../src/pg_gp/Makefile; sourceTree = "<group>"; };
/* End PBXFileReference section */

/* Begin PBXFrameworksBuildPhase section */
		B38C822B12721143000CAB42 /* Frameworks */ = {
			isa = PBXFrameworksBuildPhase;
			buildActionMask = 2147483647;
			files = (
				B3ABFB281280824B005722A5 /* vecLib.framework in Frameworks */,
			);
			runOnlyForDeploymentPostprocessing = 0;
		};
/* End PBXFrameworksBuildPhase section */

/* Begin PBXGroup section */
		08FB7794FE84155DC02AAC07 /* HelloWorld */ = {
			isa = PBXGroup;
			children = (
				B3B7F374127907CC00506D5F /* PostgreSQL.xcconfig */,
				B3B7F3AD1279CAE400506D5F /* Greenplum.xcconfig */,
				B3E85D631270BA6A00B81A1A /* Makefile */,
				B3B7F2C81278D1F500506D5F /* README.txt */,
				08FB7795FE84155DC02AAC07 /* Sources */,
				B3ABFB2612808231005722A5 /* Frameworks */,
				B3CF442A127126FD002B1119 /* Products */,
			);
			name = HelloWorld;
			sourceTree = "<group>";
		};
		08FB7795FE84155DC02AAC07 /* Sources */ = {
			isa = PBXGroup;
			children = (
				B3321B161281D9C700E8CB13 /* regress.h */,
				B3E85D511270B78200B81A1A /* regress.c */,
				B3321B0D1281D86000E8CB13 /* pinv.h */,
				B3ABF940127B7A06005722A5 /* pinv.c */,
				B3321B221281DAC000E8CB13 /* matrix.h */,
				B3ABFA28127F5A41005722A5 /* matrix.c */,
				B3428F1C128C5CAD003503B8 /* student.h */,
				B3428F1D128C5CAD003503B8 /* student.c */,
				B3E7BEF212EA471A0090E79F /* regression.sql_in */,
				B3BE7BF112E60C10009BF344 /* logRegress.py_in */,
			);
			name = Sources;
			path = ../../src/pg_gp;
			sourceTree = "<group>";
		};
		B3ABFB2612808231005722A5 /* Frameworks */ = {
			isa = PBXGroup;
			children = (
				B3ABFB271280824B005722A5 /* vecLib.framework */,
			);
			name = Frameworks;
			sourceTree = "<group>";
		};
		B3CF442A127126FD002B1119 /* Products */ = {
			isa = PBXGroup;
			children = (
				B38C822D12721143000CAB42 /* regression.so */,
			);
			name = Products;
			sourceTree = "<group>";
		};
/* End PBXGroup section */

/* Begin PBXHeadersBuildPhase section */
		B38C822912721143000CAB42 /* Headers */ = {
			isa = PBXHeadersBuildPhase;
			buildActionMask = 2147483647;
			files = (
			);
			runOnlyForDeploymentPostprocessing = 0;
		};
/* End PBXHeadersBuildPhase section */

/* Begin PBXNativeTarget section */
		B38C822C12721143000CAB42 /* Shared Library (XCode) */ = {
			isa = PBXNativeTarget;
			buildConfigurationList = B38C823012721162000CAB42 /* Build configuration list for PBXNativeTarget "Shared Library (XCode)" */;
			buildPhases = (
				B38C822912721143000CAB42 /* Headers */,
				B38C822A12721143000CAB42 /* Sources */,
				B38C822B12721143000CAB42 /* Frameworks */,
			);
			buildRules = (
			);
			dependencies = (
			);
			name = "Shared Library (XCode)";
			productName = HelloWorld;
			productReference = B38C822D12721143000CAB42 /* regression.so */;
			productType = "com.apple.product-type.library.dynamic";
		};
/* End PBXNativeTarget section */

/* Begin PBXProject section */
		08FB7793FE84155DC02AAC07 /* Project object */ = {
			isa = PBXProject;
			buildConfigurationList = 1DEB914E08733D8E0010E9CD /* Build configuration list for PBXProject "regress" */;
			compatibilityVersion = "Xcode 3.1";
			developmentRegion = English;
			hasScannedForEncodings = 1;
			knownRegions = (
				English,
				Japanese,
				French,
				German,
			);
			mainGroup = 08FB7794FE84155DC02AAC07 /* HelloWorld */;
			productRefGroup = B3CF442A127126FD002B1119 /* Products */;
			projectDirPath = "";
			projectRoot = "";
			targets = (
				B3B7F3961279195A00506D5F /* Clean (Makefile) */,
				B3CF442C12712D79002B1119 /* Shared Library (Makefile) */,
				B38C822C12721143000CAB42 /* Shared Library (XCode) */,
			);
		};
/* End PBXProject section */

/* Begin PBXShellScriptBuildPhase section */
		B3B7F3951279195A00506D5F /* ShellScript */ = {
			isa = PBXShellScriptBuildPhase;
			buildActionMask = 2147483647;
			files = (
			);
			inputPaths = (
			);
			outputPaths = (
			);
			runOnlyForDeploymentPostprocessing = 0;
			shellPath = /bin/sh;
			shellScript = "# shell script goes here\nexport PATH=\"${DB_HOME}/bin:${PATH}\"\nmake clean\n";
		};
		B3CF442B12712D79002B1119 /* ShellScript */ = {
			isa = PBXShellScriptBuildPhase;
			buildActionMask = 2147483647;
			files = (
			);
			inputPaths = (
			);
			outputPaths = (
			);
			runOnlyForDeploymentPostprocessing = 0;
			shellPath = /bin/bash;
			shellScript = "# shell script goes here\nexport PATH=\"${DB_HOME}/bin:${PATH}\"\nmake\n";
		};
/* End PBXShellScriptBuildPhase section */

/* Begin PBXSourcesBuildPhase section */
		B38C822A12721143000CAB42 /* Sources */ = {
			isa = PBXSourcesBuildPhase;
			buildActionMask = 2147483647;
			files = (
				B3ABF854127A4D24005722A5 /* regress.c in Sources */,
				B3ABFB3C12808275005722A5 /* pinv.c in Sources */,
				B3ABFB3D12808278005722A5 /* matrix.c in Sources */,
				B3428F1F128C5CAD003503B8 /* student.c in Sources */,
			);
			runOnlyForDeploymentPostprocessing = 0;
		};
/* End PBXSourcesBuildPhase section */

/* Begin XCBuildConfiguration section */
		1DEB914F08733D8E0010E9CD /* Debug (Greenplum) */ = {
			isa = XCBuildConfiguration;
			baseConfigurationReference = B3B7F3AD1279CAE400506D5F /* Greenplum.xcconfig */;
			buildSettings = {
				GCC_DEBUGGING_SYMBOLS = full;
				GCC_ENABLE_FIX_AND_CONTINUE = YES;
				GCC_OPTIMIZATION_LEVEL = 0;
				ONLY_ACTIVE_ARCH = YES;
			};
			name = "Debug (Greenplum)";
		};
		1DEB915008733D8E0010E9CD /* Release */ = {
			isa = XCBuildConfiguration;
			buildSettings = {
			};
			name = Release;
		};
		B38C822E12721144000CAB42 /* Debug (Greenplum) */ = {
			isa = XCBuildConfiguration;
			baseConfigurationReference = B3B7F3AD1279CAE400506D5F /* Greenplum.xcconfig */;
			buildSettings = {
				ALWAYS_SEARCH_USER_PATHS = NO;
				ARCHS = (
					"$(NATIVE_ARCH_ACTUAL)",
					i386,
				);
				BUNDLE_LOADER = "$(DB_HOME)/bin/postgres";
				COPY_PHASE_STRIP = NO;
				DYLIB_COMPATIBILITY_VERSION = "";
				DYLIB_CURRENT_VERSION = "";
				EXECUTABLE_EXTENSION = so;
				GCC_CW_ASM_SYNTAX = NO;
				GCC_C_LANGUAGE_STANDARD = c99;
				GCC_DYNAMIC_NO_PIC = NO;
				GCC_ENABLE_FIX_AND_CONTINUE = YES;
				GCC_ENABLE_PASCAL_STRINGS = NO;
				GCC_MODEL_TUNING = "";
				GCC_OPTIMIZATION_LEVEL = 0;
				GCC_TREAT_WARNINGS_AS_ERRORS = YES;
				GCC_VERSION = 4.0;
				GCC_WARN_ABOUT_MISSING_PROTOTYPES = YES;
				HEADER_SEARCH_PATHS = (
					"$(DB_HOME)/$(DB_INCLUDE)/internal",
					"$(DB_HOME)/$(DB_INCLUDE)/server",
				);
				MACH_O_TYPE = mh_bundle;
				PREBINDING = NO;
				PRODUCT_NAME = regression;
				WARNING_CFLAGS = "-Wall";
			};
			name = "Debug (Greenplum)";
		};
		B38C822F12721144000CAB42 /* Release */ = {
			isa = XCBuildConfiguration;
			baseConfigurationReference = B3B7F374127907CC00506D5F /* PostgreSQL.xcconfig */;
			buildSettings = {
				ALWAYS_SEARCH_USER_PATHS = NO;
				ARCHS = (
					"$(NATIVE_ARCH_ACTUAL)",
					i386,
				);
				BUNDLE_LOADER = "$(DB_HOME)/bin/postgres";
				COPY_PHASE_STRIP = YES;
				DYLIB_COMPATIBILITY_VERSION = "";
				DYLIB_CURRENT_VERSION = "";
				EXECUTABLE_EXTENSION = so;
				GCC_CW_ASM_SYNTAX = NO;
				GCC_C_LANGUAGE_STANDARD = c99;
				GCC_ENABLE_FIX_AND_CONTINUE = NO;
				GCC_ENABLE_PASCAL_STRINGS = NO;
				GCC_MODEL_TUNING = "";
				GCC_TREAT_WARNINGS_AS_ERRORS = YES;
				GCC_VERSION = 4.0;
				GCC_WARN_ABOUT_MISSING_PROTOTYPES = YES;
				HEADER_SEARCH_PATHS = (
					"$(DB_HOME)/$(DB_INCLUDE)/internal",
					"$(DB_HOME)/$(DB_INCLUDE)/server",
				);
				MACH_O_TYPE = mh_bundle;
				PREBINDING = NO;
				PRODUCT_NAME = regression;
				WARNING_CFLAGS = "-Wall";
			};
			name = Release;
		};
		B3B7F38612790E2E00506D5F /* Debug (PostgreSQL) */ = {
			isa = XCBuildConfiguration;
			baseConfigurationReference = B3B7F374127907CC00506D5F /* PostgreSQL.xcconfig */;
			buildSettings = {
				GCC_DEBUGGING_SYMBOLS = full;
				GCC_ENABLE_FIX_AND_CONTINUE = YES;
				GCC_OPTIMIZATION_LEVEL = 0;
				ONLY_ACTIVE_ARCH = YES;
			};
			name = "Debug (PostgreSQL)";
		};
		B3B7F38712790E2E00506D5F /* Debug (PostgreSQL) */ = {
			isa = XCBuildConfiguration;
			buildSettings = {
				COPY_PHASE_STRIP = NO;
				GCC_DYNAMIC_NO_PIC = NO;
				GCC_OPTIMIZATION_LEVEL = 0;
				PRODUCT_NAME = "Run Makefile";
			};
			name = "Debug (PostgreSQL)";
		};
		B3B7F38912790E2E00506D5F /* Debug (PostgreSQL) */ = {
			isa = XCBuildConfiguration;
			baseConfigurationReference = B3B7F374127907CC00506D5F /* PostgreSQL.xcconfig */;
			buildSettings = {
				ALWAYS_SEARCH_USER_PATHS = NO;
				ARCHS = (
					"$(NATIVE_ARCH_ACTUAL)",
					i386,
				);
				BUNDLE_LOADER = "$(DB_HOME)/bin/postgres";
				COPY_PHASE_STRIP = NO;
				DYLIB_COMPATIBILITY_VERSION = "";
				DYLIB_CURRENT_VERSION = "";
				EXECUTABLE_EXTENSION = so;
				GCC_CW_ASM_SYNTAX = NO;
				GCC_C_LANGUAGE_STANDARD = c99;
				GCC_DYNAMIC_NO_PIC = NO;
				GCC_ENABLE_FIX_AND_CONTINUE = YES;
				GCC_ENABLE_PASCAL_STRINGS = NO;
				GCC_MODEL_TUNING = "";
				GCC_OPTIMIZATION_LEVEL = 0;
				GCC_TREAT_WARNINGS_AS_ERRORS = YES;
				GCC_VERSION = 4.0;
				GCC_WARN_ABOUT_MISSING_PROTOTYPES = YES;
				HEADER_SEARCH_PATHS = (
					"$(DB_HOME)/$(DB_INCLUDE)/internal",
					"$(DB_HOME)/$(DB_INCLUDE)/server",
				);
				MACH_O_TYPE = mh_bundle;
				PREBINDING = NO;
				PRODUCT_NAME = regression;
				WARNING_CFLAGS = "-Wall";
			};
			name = "Debug (PostgreSQL)";
		};
		B3B7F3971279195A00506D5F /* Debug (Greenplum) */ = {
			isa = XCBuildConfiguration;
			buildSettings = {
				PRODUCT_NAME = "Clean (Makefile)";
			};
			name = "Debug (Greenplum)";
		};
		B3B7F3981279195A00506D5F /* Debug (PostgreSQL) */ = {
			isa = XCBuildConfiguration;
			buildSettings = {
				PRODUCT_NAME = "Clean (Makefile)";
			};
			name = "Debug (PostgreSQL)";
		};
		B3B7F3991279195A00506D5F /* Release */ = {
			isa = XCBuildConfiguration;
			buildSettings = {
				COPY_PHASE_STRIP = YES;
				DEBUG_INFORMATION_FORMAT = "dwarf-with-dsym";
				GCC_ENABLE_FIX_AND_CONTINUE = NO;
				PRODUCT_NAME = "Clean (Makefile)";
				ZERO_LINK = NO;
			};
			name = Release;
		};
		B3CF442D12712D79002B1119 /* Debug (Greenplum) */ = {
			isa = XCBuildConfiguration;
			buildSettings = {
				COPY_PHASE_STRIP = NO;
				GCC_DYNAMIC_NO_PIC = NO;
				GCC_OPTIMIZATION_LEVEL = 0;
				PRODUCT_NAME = "Run Makefile";
			};
			name = "Debug (Greenplum)";
		};
		B3CF442E12712D79002B1119 /* Release */ = {
			isa = XCBuildConfiguration;
			buildSettings = {
				COPY_PHASE_STRIP = YES;
				DEBUG_INFORMATION_FORMAT = "dwarf-with-dsym";
				GCC_ENABLE_FIX_AND_CONTINUE = NO;
				PRODUCT_NAME = "Run Makefile";
				ZERO_LINK = NO;
			};
			name = Release;
		};
/* End XCBuildConfiguration section */

/* Begin XCConfigurationList section */
		1DEB914E08733D8E0010E9CD /* Build configuration list for PBXProject "regress" */ = {
			isa = XCConfigurationList;
			buildConfigurations = (
				1DEB914F08733D8E0010E9CD /* Debug (Greenplum) */,
				B3B7F38612790E2E00506D5F /* Debug (PostgreSQL) */,
				1DEB915008733D8E0010E9CD /* Release */,
			);
			defaultConfigurationIsVisible = 0;
			defaultConfigurationName = Release;
		};
		B38C823012721162000CAB42 /* Build configuration list for PBXNativeTarget "Shared Library (XCode)" */ = {
			isa = XCConfigurationList;
			buildConfigurations = (
				B38C822E12721144000CAB42 /* Debug (Greenplum) */,
				B3B7F38912790E2E00506D5F /* Debug (PostgreSQL) */,
				B38C822F12721144000CAB42 /* Release */,
			);
			defaultConfigurationIsVisible = 0;
			defaultConfigurationName = Release;
		};
		B3B7F3A01279197900506D5F /* Build configuration list for PBXAggregateTarget "Clean (Makefile)" */ = {
			isa = XCConfigurationList;
			buildConfigurations = (
				B3B7F3971279195A00506D5F /* Debug (Greenplum) */,
				B3B7F3981279195A00506D5F /* Debug (PostgreSQL) */,
				B3B7F3991279195A00506D5F /* Release */,
			);
			defaultConfigurationIsVisible = 0;
			defaultConfigurationName = Release;
		};
		B3CF442F12712DA6002B1119 /* Build configuration list for PBXAggregateTarget "Shared Library (Makefile)" */ = {
			isa = XCConfigurationList;
			buildConfigurations = (
				B3CF442D12712D79002B1119 /* Debug (Greenplum) */,
				B3B7F38712790E2E00506D5F /* Debug (PostgreSQL) */,
				B3CF442E12712D79002B1119 /* Release */,
			);
			defaultConfigurationIsVisible = 0;
			defaultConfigurationName = Release;
		};
/* End XCConfigurationList section */
	};
	rootObject = 08FB7793FE84155DC02AAC07 /* Project object */;
}
